
Microsoft Visual Studio Solution File, Format Version 12.00
# Visual Studio Version 17
VisualStudioVersion = 17.3.32825.248
MinimumVisualStudioVersion = 10.0.40219.1
Project("{FAE04EC0-301F-11D3-BF4B-00C04F79EFBC}") = "Collections_Programs", "Collections_Programs\Collections_Programs.csproj", "{7DEC54F9-2358-4510-BE87-422D9826D1A4}"
EndProject
Global
	GlobalSection(SolutionConfigurationPlatforms) = preSolution
		Debug|Any CPU = Debug|Any CPU
		Release|Any CPU = Release|Any CPU
	EndGlobalSection
	GlobalSection(ProjectConfigurationPlatforms) = postSolution
		{7DEC54F9-2358-4510-BE87-422D9826D1A4}.Debug|Any CPU.ActiveCfg = Debug|Any CPU
		{7DEC54F9-2358-4510-BE87-422D9826D1A4}.Debug|Any CPU.Build.0 = Debug|Any CPU
		{7DEC54F9-2358-4510-BE87-422D9826D1A4}.Release|Any CPU.ActiveCfg = Release|Any CPU
		{7DEC54F9-2358-4510-BE87-422D9826D1A4}.Release|Any CPU.Build.0 = Release|Any CPU
	EndGlobalSection
	GlobalSection(SolutionProperties) = preSolution
		HideSolutionNode = FALSE
	EndGlobalSection
	GlobalSection(ExtensibilityGlobals) = postSolution
		SolutionGuid = {2DD5AA32-DEAA-416D-9ABA-5C85C7215A26}
	EndGlobalSection
EndGlobal
